
Microsoft Visual Studio Solution File, Format Version 12.00
# Visual Studio Version 17
VisualStudioVersion = 17.5.33502.453
MinimumVisualStudioVersion = 10.0.40219.1
Project("{8BC9CEB8-8B4A-11D0-8D11-00A0C91BC942}") = "Day06", "Day06.vcxproj", "{292B7AFB-77D8-4036-B57E-388DBCCC6964}"
EndProject
Global
	GlobalSection(SolutionConfigurationPlatforms) = preSolution
		Debug|x64 = Debug|x64
		Debug|x86 = Debug|x86
		Release|x64 = Release|x64
		Release|x86 = Release|x86
	EndGlobalSection
	GlobalSection(ProjectConfigurationPlatforms) = postSolution
		{292B7AFB-77D8-4036-B57E-388DBCCC6964}.Debug|x64.ActiveCfg = Debug|x64
		{292B7AFB-77D8-4036-B57E-388DBCCC6964}.Debug|x64.Build.0 = Debug|x64
		{292B7AFB-77D8-4036-B57E-388DBCCC6964}.Debug|x86.ActiveCfg = Debug|Win32
		{292B7AFB-77D8-4036-B57E-388DBCCC6964}.Debug|x86.Build.0 = Debug|Win32
		{292B7AFB-77D8-4036-B57E-388DBCCC6964}.Release|x64.ActiveCfg = Release|x64
		{292B7AFB-77D8-4036-B57E-388DBCCC6964}.Release|x64.Build.0 = Release|x64
		{292B7AFB-77D8-4036-B57E-388DBCCC6964}.Release|x86.ActiveCfg = Release|Win32
		{292B7AFB-77D8-4036-B57E-388DBCCC6964}.Release|x86.Build.0 = Release|Win32
	EndGlobalSection
	GlobalSection(SolutionProperties) = preSolution
		HideSolutionNode = FALSE
	EndGlobalSection
	GlobalSection(ExtensibilityGlobals) = postSolution
		SolutionGuid = {F5AF461D-A160-44C9-9B00-959802F0293F}
	EndGlobalSection
EndGlobal
